
Microsoft Visual Studio Solution File, Format Version 12.00
# Visual Studio 2017
Project("{FAE04EC0-301F-11D3-BF4B-00C04F79EFBC}") = "gridGame", "gridGame.csproj", "{01724328-60A7-EC7A-B8E6-F6DC38D41FC3}"
EndProject
Project("{FAE04EC0-301F-11D3-BF4B-00C04F79EFBC}") = "gridGame.Editor", "gridGame.Editor.csproj", "{AD9C16A6-3AEF-7DAD-9D2D-90175C24AE84}"
EndProject
Global
	GlobalSection(SolutionConfigurationPlatforms) = preSolution
		Debug|Any CPU = Debug|Any CPU
		Release|Any CPU = Release|Any CPU
	EndGlobalSection
	GlobalSection(ProjectConfigurationPlatforms) = postSolution
		{01724328-60A7-EC7A-B8E6-F6DC38D41FC3}.Debug|Any CPU.ActiveCfg = Debug|Any CPU
		{01724328-60A7-EC7A-B8E6-F6DC38D41FC3}.Debug|Any CPU.Build.0 = Debug|Any CPU
		{01724328-60A7-EC7A-B8E6-F6DC38D41FC3}.Release|Any CPU.ActiveCfg = Release|Any CPU
		{01724328-60A7-EC7A-B8E6-F6DC38D41FC3}.Release|Any CPU.Build.0 = Release|Any CPU
		{AD9C16A6-3AEF-7DAD-9D2D-90175C24AE84}.Debug|Any CPU.ActiveCfg = Debug|Any CPU
		{AD9C16A6-3AEF-7DAD-9D2D-90175C24AE84}.Debug|Any CPU.Build.0 = Debug|Any CPU
		{AD9C16A6-3AEF-7DAD-9D2D-90175C24AE84}.Release|Any CPU.ActiveCfg = Release|Any CPU
		{AD9C16A6-3AEF-7DAD-9D2D-90175C24AE84}.Release|Any CPU.Build.0 = Release|Any CPU
	EndGlobalSection
	GlobalSection(SolutionProperties) = preSolution
		HideSolutionNode = FALSE
	EndGlobalSection
EndGlobal
